
Microsoft Visual Studio Solution File, Format Version 12.00
# Visual Studio Version 17
VisualStudioVersion = 17.13.35913.81 d17.13
MinimumVisualStudioVersion = 10.0.40219.1
Project("{FAE04EC0-301F-11D3-BF4B-00C04F79EFBC}") = "While", "While.csproj", "{A9229346-D8A3-4631-B127-5A051BF4CE36}"
EndProject
Global
	GlobalSection(SolutionConfigurationPlatforms) = preSolution
		Debug|Any CPU = Debug|Any CPU
		Release|Any CPU = Release|Any CPU
	EndGlobalSection
	GlobalSection(ProjectConfigurationPlatforms) = postSolution
		{A9229346-D8A3-4631-B127-5A051BF4CE36}.Debug|Any CPU.ActiveCfg = Debug|Any CPU
		{A9229346-D8A3-4631-B127-5A051BF4CE36}.Debug|Any CPU.Build.0 = Debug|Any CPU
		{A9229346-D8A3-4631-B127-5A051BF4CE36}.Release|Any CPU.ActiveCfg = Release|Any CPU
		{A9229346-D8A3-4631-B127-5A051BF4CE36}.Release|Any CPU.Build.0 = Release|Any CPU
	EndGlobalSection
	GlobalSection(SolutionProperties) = preSolution
		HideSolutionNode = FALSE
	EndGlobalSection
	GlobalSection(ExtensibilityGlobals) = postSolution
		SolutionGuid = {B8775835-B00B-4F1E-8A67-563DC4E00EEF}
	EndGlobalSection
EndGlobal
